
Microsoft Visual Studio Solution File, Format Version 12.00
# Visual Studio 15
VisualStudioVersion = 15.0.28307.329
MinimumVisualStudioVersion = 10.0.40219.1
Project("{9A19103F-16F7-4668-BE54-9A1E7A4F7556}") = "SWAPI", "SWAPI\SWAPI.csproj", "{08E514C1-77C9-49AD-8381-97EE96ED2B29}"
EndProject
Project("{FAE04EC0-301F-11D3-BF4B-00C04F79EFBC}") = "SWAPI_Tests", "SWAPI_Tests\SWAPI_Tests.csproj", "{71CB36C0-24FB-419F-AC89-526D072D1BE6}"
EndProject
Global
	GlobalSection(SolutionConfigurationPlatforms) = preSolution
		Debug|Any CPU = Debug|Any CPU
		Release|Any CPU = Release|Any CPU
	EndGlobalSection
	GlobalSection(ProjectConfigurationPlatforms) = postSolution
		{08E514C1-77C9-49AD-8381-97EE96ED2B29}.Debug|Any CPU.ActiveCfg = Debug|Any CPU
		{08E514C1-77C9-49AD-8381-97EE96ED2B29}.Debug|Any CPU.Build.0 = Debug|Any CPU
		{08E514C1-77C9-49AD-8381-97EE96ED2B29}.Release|Any CPU.ActiveCfg = Release|Any CPU
		{08E514C1-77C9-49AD-8381-97EE96ED2B29}.Release|Any CPU.Build.0 = Release|Any CPU
		{71CB36C0-24FB-419F-AC89-526D072D1BE6}.Debug|Any CPU.ActiveCfg = Debug|Any CPU
		{71CB36C0-24FB-419F-AC89-526D072D1BE6}.Debug|Any CPU.Build.0 = Debug|Any CPU
		{71CB36C0-24FB-419F-AC89-526D072D1BE6}.Release|Any CPU.ActiveCfg = Release|Any CPU
		{71CB36C0-24FB-419F-AC89-526D072D1BE6}.Release|Any CPU.Build.0 = Release|Any CPU
	EndGlobalSection
	GlobalSection(SolutionProperties) = preSolution
		HideSolutionNode = FALSE
	EndGlobalSection
	GlobalSection(ExtensibilityGlobals) = postSolution
		SolutionGuid = {53BA458E-4DAF-47FB-83F6-EB16822B59E8}
	EndGlobalSection
EndGlobal
